
Microsoft Visual Studio Solution File, Format Version 12.00
# Visual Studio Version 17
VisualStudioVersion = 17.5.33530.505
MinimumVisualStudioVersion = 10.0.40219.1
Project("{FAE04EC0-301F-11D3-BF4B-00C04F79EFBC}") = "Encrypto", "Encrypto.csproj", "{075E0553-D2E6-4A8B-B973-F1C08E283686}"
EndProject
Global
	GlobalSection(SolutionConfigurationPlatforms) = preSolution
		Debug|Any CPU = Debug|Any CPU
		Release|Any CPU = Release|Any CPU
	EndGlobalSection
	GlobalSection(ProjectConfigurationPlatforms) = postSolution
		{075E0553-D2E6-4A8B-B973-F1C08E283686}.Debug|Any CPU.ActiveCfg = Debug|Any CPU
		{075E0553-D2E6-4A8B-B973-F1C08E283686}.Debug|Any CPU.Build.0 = Debug|Any CPU
		{075E0553-D2E6-4A8B-B973-F1C08E283686}.Release|Any CPU.ActiveCfg = Release|Any CPU
		{075E0553-D2E6-4A8B-B973-F1C08E283686}.Release|Any CPU.Build.0 = Release|Any CPU
	EndGlobalSection
	GlobalSection(SolutionProperties) = preSolution
		HideSolutionNode = FALSE
	EndGlobalSection
	GlobalSection(ExtensibilityGlobals) = postSolution
		SolutionGuid = {22EAADC4-AD1E-4551-8902-BD03CEB67C2F}
	EndGlobalSection
EndGlobal
